
Microsoft Visual Studio Solution File, Format Version 12.00
# Visual Studio Version 17
VisualStudioVersion = 17.0.31903.59
MinimumVisualStudioVersion = 10.0.40219.1
Project("{FAE04EC0-301F-11D3-BF4B-00C04F79EFBC}") = "StoreApp", "StoreApp\StoreApp.csproj", "{77775DB6-7E4F-4113-96E1-6CB7FE3E5998}"
EndProject
Project("{FAE04EC0-301F-11D3-BF4B-00C04F79EFBC}") = "Entities", "Entities\Entities.csproj", "{F98D5C10-89E7-4C71-87E2-C205D4A127AD}"
EndProject
Project("{FAE04EC0-301F-11D3-BF4B-00C04F79EFBC}") = "DataAccess", "DataAccess\DataAccess.csproj", "{43C44582-08E1-41B3-AB2B-B92A8C907EDC}"
EndProject
Project("{FAE04EC0-301F-11D3-BF4B-00C04F79EFBC}") = "Business", "Business\Business.csproj", "{AB9D1F70-D7A0-42DE-B75B-1F4132B91912}"
EndProject
Project("{FAE04EC0-301F-11D3-BF4B-00C04F79EFBC}") = "Presentation", "Presentation\Presentation.csproj", "{CE2CE1A0-A06D-449D-99FF-173AC3617934}"
EndProject
Global
	GlobalSection(SolutionConfigurationPlatforms) = preSolution
		Debug|Any CPU = Debug|Any CPU
		Release|Any CPU = Release|Any CPU
	EndGlobalSection
	GlobalSection(SolutionProperties) = preSolution
		HideSolutionNode = FALSE
	EndGlobalSection
	GlobalSection(ProjectConfigurationPlatforms) = postSolution
		{77775DB6-7E4F-4113-96E1-6CB7FE3E5998}.Debug|Any CPU.ActiveCfg = Debug|Any CPU
		{77775DB6-7E4F-4113-96E1-6CB7FE3E5998}.Debug|Any CPU.Build.0 = Debug|Any CPU
		{77775DB6-7E4F-4113-96E1-6CB7FE3E5998}.Release|Any CPU.ActiveCfg = Release|Any CPU
		{77775DB6-7E4F-4113-96E1-6CB7FE3E5998}.Release|Any CPU.Build.0 = Release|Any CPU
		{F98D5C10-89E7-4C71-87E2-C205D4A127AD}.Debug|Any CPU.ActiveCfg = Debug|Any CPU
		{F98D5C10-89E7-4C71-87E2-C205D4A127AD}.Debug|Any CPU.Build.0 = Debug|Any CPU
		{F98D5C10-89E7-4C71-87E2-C205D4A127AD}.Release|Any CPU.ActiveCfg = Release|Any CPU
		{F98D5C10-89E7-4C71-87E2-C205D4A127AD}.Release|Any CPU.Build.0 = Release|Any CPU
		{43C44582-08E1-41B3-AB2B-B92A8C907EDC}.Debug|Any CPU.ActiveCfg = Debug|Any CPU
		{43C44582-08E1-41B3-AB2B-B92A8C907EDC}.Debug|Any CPU.Build.0 = Debug|Any CPU
		{43C44582-08E1-41B3-AB2B-B92A8C907EDC}.Release|Any CPU.ActiveCfg = Release|Any CPU
		{43C44582-08E1-41B3-AB2B-B92A8C907EDC}.Release|Any CPU.Build.0 = Release|Any CPU
		{AB9D1F70-D7A0-42DE-B75B-1F4132B91912}.Debug|Any CPU.ActiveCfg = Debug|Any CPU
		{AB9D1F70-D7A0-42DE-B75B-1F4132B91912}.Debug|Any CPU.Build.0 = Debug|Any CPU
		{AB9D1F70-D7A0-42DE-B75B-1F4132B91912}.Release|Any CPU.ActiveCfg = Release|Any CPU
		{AB9D1F70-D7A0-42DE-B75B-1F4132B91912}.Release|Any CPU.Build.0 = Release|Any CPU
		{CE2CE1A0-A06D-449D-99FF-173AC3617934}.Debug|Any CPU.ActiveCfg = Debug|Any CPU
		{CE2CE1A0-A06D-449D-99FF-173AC3617934}.Debug|Any CPU.Build.0 = Debug|Any CPU
		{CE2CE1A0-A06D-449D-99FF-173AC3617934}.Release|Any CPU.ActiveCfg = Release|Any CPU
		{CE2CE1A0-A06D-449D-99FF-173AC3617934}.Release|Any CPU.Build.0 = Release|Any CPU
	EndGlobalSection
EndGlobal
